
Microsoft Visual Studio Solution File, Format Version 12.00
# Visual Studio Version 17
VisualStudioVersion = 17.6.33801.468
MinimumVisualStudioVersion = 10.0.40219.1
Project("{FAE04EC0-301F-11D3-BF4B-00C04F79EFBC}") = "CsharpOOP", "CsharpOOP\CsharpOOP.csproj", "{5925849F-FCA6-4653-B4F9-82CE6BF5CAC8}"
EndProject
Global
	GlobalSection(SolutionConfigurationPlatforms) = preSolution
		Debug|Any CPU = Debug|Any CPU
		Release|Any CPU = Release|Any CPU
	EndGlobalSection
	GlobalSection(ProjectConfigurationPlatforms) = postSolution
		{5925849F-FCA6-4653-B4F9-82CE6BF5CAC8}.Debug|Any CPU.ActiveCfg = Debug|Any CPU
		{5925849F-FCA6-4653-B4F9-82CE6BF5CAC8}.Debug|Any CPU.Build.0 = Debug|Any CPU
		{5925849F-FCA6-4653-B4F9-82CE6BF5CAC8}.Release|Any CPU.ActiveCfg = Release|Any CPU
		{5925849F-FCA6-4653-B4F9-82CE6BF5CAC8}.Release|Any CPU.Build.0 = Release|Any CPU
	EndGlobalSection
	GlobalSection(SolutionProperties) = preSolution
		HideSolutionNode = FALSE
	EndGlobalSection
	GlobalSection(ExtensibilityGlobals) = postSolution
		SolutionGuid = {D513BB26-F070-4F06-87D1-18DECC85FE46}
	EndGlobalSection
EndGlobal
